// !$*UTF8*$!
{
	archiveVersion = 1;
	classes = {
	};
	objectVersion = 50;
	objects = {

/* Begin PBXBuildFile section */
		EDEA1B3824F8DFDC00AD034F /* AppDelegate.swift in Sources */ = {isa = PBXBuildFile; fileRef = EDEA1B3724F8DFDC00AD034F /* AppDelegate.swift */; };
		EDEA1B3A24F8DFDC00AD034F /* SceneDelegate.swift in Sources */ = {isa = PBXBuildFile; fileRef = EDEA1B3924F8DFDC00AD034F /* SceneDelegate.swift */; };
		EDEA1B3C24F8DFDC00AD034F /* ViewController.swift in Sources */ = {isa = PBXBuildFile; fileRef = EDEA1B3B24F8DFDC00AD034F /* ViewController.swift */; };
		EDEA1B3F24F8DFDC00AD034F /* Main.storyboard in Resources */ = {isa = PBXBuildFile; fileRef = EDEA1B3D24F8DFDC00AD034F /* Main.storyboard */; };
		EDEA1B4124F8DFDD00AD034F /* Assets.xcassets in Resources */ = {isa = PBXBuildFile; fileRef = EDEA1B4024F8DFDD00AD034F /* Assets.xcassets */; };
		EDEA1B4424F8DFDD00AD034F /* LaunchScreen.storyboard in Resources */ = {isa = PBXBuildFile; fileRef = EDEA1B4224F8DFDD00AD034F /* LaunchScreen.storyboard */; };
		EDEA1B4C24F8E3C300AD034F /* ViewController0.swift in Sources */ = {isa = PBXBuildFile; fileRef = EDEA1B4B24F8E3C300AD034F /* ViewController0.swift */; };
/* End PBXBuildFile section */

/* Begin PBXFileReference section */
		EDEA1B3424F8DFDC00AD034F /* 111.app */ = {isa = PBXFileReference; explicitFileType = wrapper.application; includeInIndex = 0; path = 111.app; sourceTree = BUILT_PRODUCTS_DIR; };
		EDEA1B3724F8DFDC00AD034F /* AppDelegate.swift */ = {isa = PBXFileReference; lastKnownFileType = sourcecode.swift; path = AppDelegate.swift; sourceTree = "<group>"; };
		EDEA1B3924F8DFDC00AD034F /* SceneDelegate.swift */ = {isa = PBXFileReference; lastKnownFileType = sourcecode.swift; path = SceneDelegate.swift; sourceTree = "<group>"; };
		EDEA1B3B24F8DFDC00AD034F /* ViewController.swift */ = {isa = PBXFileReference; lastKnownFileType = sourcecode.swift; path = ViewController.swift; sourceTree = "<group>"; };
		EDEA1B3E24F8DFDC00AD034F /* Base */ = {isa = PBXFileReference; lastKnownFileType = file.storyboard; name = Base; path = Base.lproj/Main.storyboard; sourceTree = "<group>"; };
		EDEA1B4024F8DFDD00AD034F /* Assets.xcassets */ = {isa = PBXFileReference; lastKnownFileType = folder.assetcatalog; path = Assets.xcassets; sourceTree = "<group>"; };
		EDEA1B4324F8DFDD00AD034F /* Base */ = {isa = PBXFileReference; lastKnownFileType = file.storyboard; name = Base; path = Base.lproj/LaunchScreen.storyboard; sourceTree = "<group>"; };
		EDEA1B4524F8DFDD00AD034F /* Info.plist */ = {isa = PBXFileReference; lastKnownFileType = text.plist.xml; path = Info.plist; sourceTree = "<group>"; };
		EDEA1B4B24F8E3C300AD034F /* ViewController0.swift */ = {isa = PBXFileReference; lastKnownFileType = sourcecode.swift; path = ViewController0.swift; sourceTree = "<group>"; };
/* End PBXFileReference section */

/* Begin PBXFrameworksBuildPhase section */
		EDEA1B3124F8DFDC00AD034F /* Frameworks */ = {
			isa = PBXFrameworksBuildPhase;
			buildActionMask = 2147483647;
			files = (
			);
			runOnlyForDeploymentPostprocessing = 0;
		};
/* End PBXFrameworksBuildPhase section */

/* Begin PBXGroup section */
		EDEA1B2B24F8DFDC00AD034F = {
			isa = PBXGroup;
			children = (
				EDEA1B3624F8DFDC00AD034F /* 111 */,
				EDEA1B3524F8DFDC00AD034F /* Products */,
			);
			sourceTree = "<group>";
		};
		EDEA1B3524F8DFDC00AD034F /* Products */ = {
			isa = PBXGroup;
			children = (
				EDEA1B3424F8DFDC00AD034F /* 111.app */,
			);
			name = Products;
			sourceTree = "<group>";
		};
		EDEA1B3624F8DFDC00AD034F /* 111 */ = {
			isa = PBXGroup;
			children = (
				EDEA1B3724F8DFDC00AD034F /* AppDelegate.swift */,
				EDEA1B3924F8DFDC00AD034F /* SceneDelegate.swift */,
				EDEA1B3B24F8DFDC00AD034F /* ViewController.swift */,
				EDEA1B4B24F8E3C300AD034F /* ViewController0.swift */,
				EDEA1B3D24F8DFDC00AD034F /* Main.storyboard */,
				EDEA1B4024F8DFDD00AD034F /* Assets.xcassets */,
				EDEA1B4224F8DFDD00AD034F /* LaunchScreen.storyboard */,
				EDEA1B4524F8DFDD00AD034F /* Info.plist */,
			);
			path = 111;
			sourceTree = "<group>";
		};
/* End PBXGroup section */

/* Begin PBXNativeTarget section */
		EDEA1B3324F8DFDC00AD034F /* 111 */ = {
			isa = PBXNativeTarget;
			buildConfigurationList = EDEA1B4824F8DFDD00AD034F /* Build configuration list for PBXNativeTarget "111" */;
			buildPhases = (
				EDEA1B3024F8DFDC00AD034F /* Sources */,
				EDEA1B3124F8DFDC00AD034F /* Frameworks */,
				EDEA1B3224F8DFDC00AD034F /* Resources */,
			);
			buildRules = (
			);
			dependencies = (
			);
			name = 111;
			productName = 111;
			productReference = EDEA1B3424F8DFDC00AD034F /* 111.app */;
			productType = "com.apple.product-type.application";
		};
/* End PBXNativeTarget section */

/* Begin PBXProject section */
		EDEA1B2C24F8DFDC00AD034F /* Project object */ = {
			isa = PBXProject;
			attributes = {
				LastSwiftUpdateCheck = 1160;
				LastUpgradeCheck = 1160;
				ORGANIZATIONNAME = Blacour;
				TargetAttributes = {
					EDEA1B3324F8DFDC00AD034F = {
						CreatedOnToolsVersion = 11.6;
					};
				};
			};
			buildConfigurationList = EDEA1B2F24F8DFDC00AD034F /* Build configuration list for PBXProject "111" */;
			compatibilityVersion = "Xcode 9.3";
			developmentRegion = en;
			hasScannedForEncodings = 0;
			knownRegions = (
				en,
				Base,
			);
			mainGroup = EDEA1B2B24F8DFDC00AD034F;
			productRefGroup = EDEA1B3524F8DFDC00AD034F /* Products */;
			projectDirPath = "";
			projectRoot = "";
			targets = (
				EDEA1B3324F8DFDC00AD034F /* 111 */,
			);
		};
/* End PBXProject section */

/* Begin PBXResourcesBuildPhase section */
		EDEA1B3224F8DFDC00AD034F /* Resources */ = {
			isa = PBXResourcesBuildPhase;
			buildActionMask = 2147483647;
			files = (
				EDEA1B4424F8DFDD00AD034F /* LaunchScreen.storyboard in Resources */,
				EDEA1B4124F8DFDD00AD034F /* Assets.xcassets in Resources */,
				EDEA1B3F24F8DFDC00AD034F /* Main.storyboard in Resources */,
			);
			runOnlyForDeploymentPostprocessing = 0;
		};
/* End PBXResourcesBuildPhase section */

/* Begin PBXSourcesBuildPhase section */
		EDEA1B3024F8DFDC00AD034F /* Sources */ = {
			isa = PBXSourcesBuildPhase;
			buildActionMask = 2147483647;
			files = (
				EDEA1B3C24F8DFDC00AD034F /* ViewController.swift in Sources */,
				EDEA1B3824F8DFDC00AD034F /* AppDelegate.swift in Sources */,
				EDEA1B3A24F8DFDC00AD034F /* SceneDelegate.swift in Sources */,
				EDEA1B4C24F8E3C300AD034F /* ViewController0.swift in Sources */,
			);
			runOnlyForDeploymentPostprocessing = 0;
		};
/* End PBXSourcesBuildPhase section */

/* Begin PBXVariantGroup section */
		EDEA1B3D24F8DFDC00AD034F /* Main.storyboard */ = {
			isa = PBXVariantGroup;
			children = (
				EDEA1B3E24F8DFDC00AD034F /* Base */,
			);
			name = Main.storyboard;
			sourceTree = "<group>";
		};
		EDEA1B4224F8DFDD00AD034F /* LaunchScreen.storyboard */ = {
			isa = PBXVariantGroup;
			children = (
				EDEA1B4324F8DFDD00AD034F /* Base */,
			);
			name = LaunchScreen.storyboard;
			sourceTree = "<group>";
		};
/* End PBXVariantGroup section */

/* Begin XCBuildConfiguration section */
		EDEA1B4624F8DFDD00AD034F /* Debug */ = {
			isa = XCBuildConfiguration;
			buildSettings = {
				ALWAYS_SEARCH_USER_PATHS = NO;
				CLANG_ANALYZER_NONNULL = YES;
				CLANG_ANALYZER_NUMBER_OBJECT_CONVERSION = YES_AGGRESSIVE;
				CLANG_CXX_LANGUAGE_STANDARD = "gnu++14";
				CLANG_CXX_LIBRARY = "libc++";
				CLANG_ENABLE_MODULES = YES;
				CLANG_ENABLE_OBJC_ARC = YES;
				CLANG_ENABLE_OBJC_WEAK = YES;
				CLANG_WARN_BLOCK_CAPTURE_AUTORELEASING = YES;
				CLANG_WARN_BOOL_CONVERSION = YES;
				CLANG_WARN_COMMA = YES;
				CLANG_WARN_CONSTANT_CONVERSION = YES;
				CLANG_WARN_DEPRECATED_OBJC_IMPLEMENTATIONS = YES;
				CLANG_WARN_DIRECT_OBJC_ISA_USAGE = YES_ERROR;
				CLANG_WARN_DOCUMENTATION_COMMENTS = YES;
				CLANG_WARN_EMPTY_BODY = YES;
				CLANG_WARN_ENUM_CONVERSION = YES;
				CLANG_WARN_INFINITE_RECURSION = YES;
				CLANG_WARN_INT_CONVERSION = YES;
				CLANG_WARN_NON_LITERAL_NULL_CONVERSION = YES;
				CLANG_WARN_OBJC_IMPLICIT_RETAIN_SELF = YES;
				CLANG_WARN_OBJC_LITERAL_CONVERSION = YES;
				CLANG_WARN_OBJC_ROOT_CLASS = YES_ERROR;
				CLANG_WARN_RANGE_LOOP_ANALYSIS = YES;
				CLANG_WARN_STRICT_PROTOTYPES = YES;
				CLANG_WARN_SUSPICIOUS_MOVE = YES;
				CLANG_WARN_UNGUARDED_AVAILABILITY = YES_AGGRESSIVE;
				CLANG_WARN_UNREACHABLE_CODE = YES;
				CLANG_WARN__DUPLICATE_METHOD_MATCH = YES;
				COPY_PHASE_STRIP = NO;
				DEBUG_INFORMATION_FORMAT = dwarf;
				ENABLE_STRICT_OBJC_MSGSEND = YES;
				ENABLE_TESTABILITY = YES;
				GCC_C_LANGUAGE_STANDARD = gnu11;
				GCC_DYNAMIC_NO_PIC = NO;
				GCC_NO_COMMON_BLOCKS = YES;
				GCC_OPTIMIZATION_LEVEL = 0;
				GCC_PREPROCESSOR_DEFINITIONS = (
					"DEBUG=1",
					"$(inherited)",
				);
				GCC_WARN_64_TO_32_BIT_CONVERSION = YES;
				GCC_WARN_ABOUT_RETURN_TYPE = YES_ERROR;
				GCC_WARN_UNDECLARED_SELECTOR = YES;
				GCC_WARN_UNINITIALIZED_AUTOS = YES_AGGRESSIVE;
				GCC_WARN_UNUSED_FUNCTION = YES;
				GCC_WARN_UNUSED_VARIABLE = YES;
				IPHONEOS_DEPLOYMENT_TARGET = 13.6;
				MTL_ENABLE_DEBUG_INFO = INCLUDE_SOURCE;
				MTL_FAST_MATH = YES;
				ONLY_ACTIVE_ARCH = YES;
				SDKROOT = iphoneos;
				SWIFT_ACTIVE_COMPILATION_CONDITIONS = DEBUG;
				SWIFT_OPTIMIZATION_LEVEL = "-Onone";
			};
			name = Debug;
		};
		EDEA1B4724F8DFDD00AD034F /* Release */ = {
			isa = XCBuildConfiguration;
			buildSettings = {
				ALWAYS_SEARCH_USER_PATHS = NO;
				CLANG_ANALYZER_NONNULL = YES;
				CLANG_ANALYZER_NUMBER_OBJECT_CONVERSION = YES_AGGRESSIVE;
				CLANG_CXX_LANGUAGE_STANDARD = "gnu++14";
				CLANG_CXX_LIBRARY = "libc++";
				CLANG_ENABLE_MODULES = YES;
				CLANG_ENABLE_OBJC_ARC = YES;
				CLANG_ENABLE_OBJC_WEAK = YES;
				CLANG_WARN_BLOCK_CAPTURE_AUTORELEASING = YES;
				CLANG_WARN_BOOL_CONVERSION = YES;
				CLANG_WARN_COMMA = YES;
				CLANG_WARN_CONSTANT_CONVERSION = YES;
				CLANG_WARN_DEPRECATED_OBJC_IMPLEMENTATIONS = YES;
				CLANG_WARN_DIRECT_OBJC_ISA_USAGE = YES_ERROR;
				CLANG_WARN_DOCUMENTATION_COMMENTS = YES;
				CLANG_WARN_EMPTY_BODY = YES;
				CLANG_WARN_ENUM_CONVERSION = YES;
				CLANG_WARN_INFINITE_RECURSION = YES;
				CLANG_WARN_INT_CONVERSION = YES;
				CLANG_WARN_NON_LITERAL_NULL_CONVERSION = YES;
				CLANG_WARN_OBJC_IMPLICIT_RETAIN_SELF = YES;
				CLANG_WARN_OBJC_LITERAL_CONVERSION = YES;
				CLANG_WARN_OBJC_ROOT_CLASS = YES_ERROR;
				CLANG_WARN_RANGE_LOOP_ANALYSIS = YES;
				CLANG_WARN_STRICT_PROTOTYPES = YES;
				CLANG_WARN_SUSPICIOUS_MOVE = YES;
				CLANG_WARN_UNGUARDED_AVAILABILITY = YES_AGGRESSIVE;
				CLANG_WARN_UNREACHABLE_CODE = YES;
				CLANG_WARN__DUPLICATE_METHOD_MATCH = YES;
				COPY_PHASE_STRIP = NO;
				DEBUG_INFORMATION_FORMAT = "dwarf-with-dsym";
				ENABLE_NS_ASSERTIONS = NO;
				ENABLE_STRICT_OBJC_MSGSEND = YES;
				GCC_C_LANGUAGE_STANDARD = gnu11;
				GCC_NO_COMMON_BLOCKS = YES;
				GCC_WARN_64_TO_32_BIT_CONVERSION = YES;
				GCC_WARN_ABOUT_RETURN_TYPE = YES_ERROR;
				GCC_WARN_UNDECLARED_SELECTOR = YES;
				GCC_WARN_UNINITIALIZED_AUTOS = YES_AGGRESSIVE;
				GCC_WARN_UNUSED_FUNCTION = YES;
				GCC_WARN_UNUSED_VARIABLE = YES;
				IPHONEOS_DEPLOYMENT_TARGET = 13.6;
				MTL_ENABLE_DEBUG_INFO = NO;
				MTL_FAST_MATH = YES;
				SDKROOT = iphoneos;
				SWIFT_COMPILATION_MODE = wholemodule;
				SWIFT_OPTIMIZATION_LEVEL = "-O";
				VALIDATE_PRODUCT = YES;
			};
			name = Release;
		};
		EDEA1B4924F8DFDD00AD034F /* Debug */ = {
			isa = XCBuildConfiguration;
			buildSettings = {
				ASSETCATALOG_COMPILER_APPICON_NAME = AppIcon;
				CODE_SIGN_STYLE = Automatic;
				DEVELOPMENT_TEAM = PT4W8DWBAV;
				INFOPLIST_FILE = 111/Info.plist;
				LD_RUNPATH_SEARCH_PATHS = (
					"$(inherited)",
					"@executable_path/Frameworks",
				);
				PRODUCT_BUNDLE_IDENTIFIER = "ios.-11";
				PRODUCT_NAME = "$(TARGET_NAME)";
				SWIFT_VERSION = 5.0;
				TARGETED_DEVICE_FAMILY = "1,2";
			};
			name = Debug;
		};
		EDEA1B4A24F8DFDD00AD034F /* Release */ = {
			isa = XCBuildConfiguration;
			buildSettings = {
				ASSETCATALOG_COMPILER_APPICON_NAME = AppIcon;
				CODE_SIGN_STYLE = Automatic;
				DEVELOPMENT_TEAM = PT4W8DWBAV;
				INFOPLIST_FILE = 111/Info.plist;
				LD_RUNPATH_SEARCH_PATHS = (
					"$(inherited)",
					"@executable_path/Frameworks",
				);
				PRODUCT_BUNDLE_IDENTIFIER = "ios.-11";
				PRODUCT_NAME = "$(TARGET_NAME)";
				SWIFT_VERSION = 5.0;
				TARGETED_DEVICE_FAMILY = "1,2";
			};
			name = Release;
		};
/* End XCBuildConfiguration section */

/* Begin XCConfigurationList section */
		EDEA1B2F24F8DFDC00AD034F /* Build configuration list for PBXProject "111" */ = {
			isa = XCConfigurationList;
			buildConfigurations = (
				EDEA1B4624F8DFDD00AD034F /* Debug */,
				EDEA1B4724F8DFDD00AD034F /* Release */,
			);
			defaultConfigurationIsVisible = 0;
			defaultConfigurationName = Release;
		};
		EDEA1B4824F8DFDD00AD034F /* Build configuration list for PBXNativeTarget "111" */ = {
			isa = XCConfigurationList;
			buildConfigurations = (
				EDEA1B4924F8DFDD00AD034F /* Debug */,
				EDEA1B4A24F8DFDD00AD034F /* Release */,
			);
			defaultConfigurationIsVisible = 0;
			defaultConfigurationName = Release;
		};
/* End XCConfigurationList section */
	};
	rootObject = EDEA1B2C24F8DFDC00AD034F /* Project object */;
}
